// !$*UTF8*$!
{
	archiveVersion = 1;
	classes = {
	};
	objectVersion = 77;
	objects = {

/* Begin PBXContainerItemProxy section */
		057D8F2A2DBD4F8F008215F1 /* PBXContainerItemProxy */ = {
			isa = PBXContainerItemProxy;
			containerPortal = 057D8F142DBD4F8E008215F1 /* Project object */;
			proxyType = 1;
			remoteGlobalIDString = 057D8F1B2DBD4F8E008215F1;
			remoteInfo = "Time Capsule";
		};
		057D8F342DBD4F8F008215F1 /* PBXContainerItemProxy */ = {
			isa = PBXContainerItemProxy;
			containerPortal = 057D8F142DBD4F8E008215F1 /* Project object */;
			proxyType = 1;
			remoteGlobalIDString = 057D8F1B2DBD4F8E008215F1;
			remoteInfo = "Time Capsule";
		};
/* End PBXContainerItemProxy section */

/* Begin PBXFileReference section */
		057D8F1C2DBD4F8E008215F1 /* Time Capsule.app */ = {isa = PBXFileReference; explicitFileType = wrapper.application; includeInIndex = 0; path = "Time Capsule.app"; sourceTree = BUILT_PRODUCTS_DIR; };
		057D8F292DBD4F8F008215F1 /* Time CapsuleTests.xctest */ = {isa = PBXFileReference; explicitFileType = wrapper.cfbundle; includeInIndex = 0; path = "Time CapsuleTests.xctest"; sourceTree = BUILT_PRODUCTS_DIR; };
		057D8F332DBD4F8F008215F1 /* Time CapsuleUITests.xctest */ = {isa = PBXFileReference; explicitFileType = wrapper.cfbundle; includeInIndex = 0; path = "Time CapsuleUITests.xctest"; sourceTree = BUILT_PRODUCTS_DIR; };
/* End PBXFileReference section */

/* Begin PBXFileSystemSynchronizedRootGroup section */
		057D8F1E2DBD4F8E008215F1 /* Time Capsule */ = {
			isa = PBXFileSystemSynchronizedRootGroup;
			path = "Time Capsule";
			sourceTree = "<group>";
		};
		057D8F2C2DBD4F8F008215F1 /* Time CapsuleTests */ = {
			isa = PBXFileSystemSynchronizedRootGroup;
			path = "Time CapsuleTests";
			sourceTree = "<group>";
		};
		057D8F362DBD4F8F008215F1 /* Time CapsuleUITests */ = {
			isa = PBXFileSystemSynchronizedRootGroup;
			path = "Time CapsuleUITests";
			sourceTree = "<group>";
		};
/* End PBXFileSystemSynchronizedRootGroup section */

/* Begin PBXFrameworksBuildPhase section */
		057D8F192DBD4F8E008215F1 /* Frameworks */ = {
			isa = PBXFrameworksBuildPhase;
			buildActionMask = 2147483647;
			files = (
			);
			runOnlyForDeploymentPostprocessing = 0;
		};
		057D8F262DBD4F8F008215F1 /* Frameworks */ = {
			isa = PBXFrameworksBuildPhase;
			buildActionMask = 2147483647;
			files = (
			);
			runOnlyForDeploymentPostprocessing = 0;
		};
		057D8F302DBD4F8F008215F1 /* Frameworks */ = {
			isa = PBXFrameworksBuildPhase;
			buildActionMask = 2147483647;
			files = (
			);
			runOnlyForDeploymentPostprocessing = 0;
		};
/* End PBXFrameworksBuildPhase section */

/* Begin PBXGroup section */
		057D8F132DBD4F8E008215F1 = {
			isa = PBXGroup;
			children = (
				057D8F1E2DBD4F8E008215F1 /* Time Capsule */,
				057D8F2C2DBD4F8F008215F1 /* Time CapsuleTests */,
				057D8F362DBD4F8F008215F1 /* Time CapsuleUITests */,
				057D8F1D2DBD4F8E008215F1 /* Products */,
			);
			sourceTree = "<group>";
		};
		057D8F1D2DBD4F8E008215F1 /* Products */ = {
			isa = PBXGroup;
			children = (
				057D8F1C2DBD4F8E008215F1 /* Time Capsule.app */,
				057D8F292DBD4F8F008215F1 /* Time CapsuleTests.xctest */,
				057D8F332DBD4F8F008215F1 /* Time CapsuleUITests.xctest */,
			);
			name = Products;
			sourceTree = "<group>";
		};
/* End PBXGroup section */

/* Begin PBXNativeTarget section */
		057D8F1B2DBD4F8E008215F1 /* Time Capsule */ = {
			isa = PBXNativeTarget;
			buildConfigurationList = 057D8F3D2DBD4F8F008215F1 /* Build configuration list for PBXNativeTarget "Time Capsule" */;
			buildPhases = (
				057D8F182DBD4F8E008215F1 /* Sources */,
				057D8F192DBD4F8E008215F1 /* Frameworks */,
				057D8F1A2DBD4F8E008215F1 /* Resources */,
			);
			buildRules = (
			);
			dependencies = (
			);
			fileSystemSynchronizedGroups = (
				057D8F1E2DBD4F8E008215F1 /* Time Capsule */,
			);
			name = "Time Capsule";
			packageProductDependencies = (
			);
			productName = "Time Capsule";
			productReference = 057D8F1C2DBD4F8E008215F1 /* Time Capsule.app */;
			productType = "com.apple.product-type.application";
		};
		057D8F282DBD4F8F008215F1 /* Time CapsuleTests */ = {
			isa = PBXNativeTarget;
			buildConfigurationList = 057D8F402DBD4F8F008215F1 /* Build configuration list for PBXNativeTarget "Time CapsuleTests" */;
			buildPhases = (
				057D8F252DBD4F8F008215F1 /* Sources */,
				057D8F262DBD4F8F008215F1 /* Frameworks */,
				057D8F272DBD4F8F008215F1 /* Resources */,
			);
			buildRules = (
			);
			dependencies = (
				057D8F2B2DBD4F8F008215F1 /* PBXTargetDependency */,
			);
			fileSystemSynchronizedGroups = (
				057D8F2C2DBD4F8F008215F1 /* Time CapsuleTests */,
			);
			name = "Time CapsuleTests";
			packageProductDependencies = (
			);
			productName = "Time CapsuleTests";
			productReference = 057D8F292DBD4F8F008215F1 /* Time CapsuleTests.xctest */;
			productType = "com.apple.product-type.bundle.unit-test";
		};
		057D8F322DBD4F8F008215F1 /* Time CapsuleUITests */ = {
			isa = PBXNativeTarget;
			buildConfigurationList = 057D8F432DBD4F8F008215F1 /* Build configuration list for PBXNativeTarget "Time CapsuleUITests" */;
			buildPhases = (
				057D8F2F2DBD4F8F008215F1 /* Sources */,
				057D8F302DBD4F8F008215F1 /* Frameworks */,
				057D8F312DBD4F8F008215F1 /* Resources */,
			);
			buildRules = (
			);
			dependencies = (
				057D8F352DBD4F8F008215F1 /* PBXTargetDependency */,
			);
			fileSystemSynchronizedGroups = (
				057D8F362DBD4F8F008215F1 /* Time CapsuleUITests */,
			);
			name = "Time CapsuleUITests";
			packageProductDependencies = (
			);
			productName = "Time CapsuleUITests";
			productReference = 057D8F332DBD4F8F008215F1 /* Time CapsuleUITests.xctest */;
			productType = "com.apple.product-type.bundle.ui-testing";
		};
/* End PBXNativeTarget section */

/* Begin PBXProject section */
		057D8F142DBD4F8E008215F1 /* Project object */ = {
			isa = PBXProject;
			attributes = {
				BuildIndependentTargetsInParallel = 1;
				LastSwiftUpdateCheck = 1630;
				LastUpgradeCheck = 1630;
				TargetAttributes = {
					057D8F1B2DBD4F8E008215F1 = {
						CreatedOnToolsVersion = 16.3;
					};
					057D8F282DBD4F8F008215F1 = {
						CreatedOnToolsVersion = 16.3;
						TestTargetID = 057D8F1B2DBD4F8E008215F1;
					};
					057D8F322DBD4F8F008215F1 = {
						CreatedOnToolsVersion = 16.3;
						TestTargetID = 057D8F1B2DBD4F8E008215F1;
					};
				};
			};
			buildConfigurationList = 057D8F172DBD4F8E008215F1 /* Build configuration list for PBXProject "Time Capsule" */;
			developmentRegion = en;
			hasScannedForEncodings = 0;
			knownRegions = (
				en,
				Base,
			);
			mainGroup = 057D8F132DBD4F8E008215F1;
			minimizedProjectReferenceProxies = 1;
			preferredProjectObjectVersion = 77;
			productRefGroup = 057D8F1D2DBD4F8E008215F1 /* Products */;
			projectDirPath = "";
			projectRoot = "";
			targets = (
				057D8F1B2DBD4F8E008215F1 /* Time Capsule */,
				057D8F282DBD4F8F008215F1 /* Time CapsuleTests */,
				057D8F322DBD4F8F008215F1 /* Time CapsuleUITests */,
			);
		};
/* End PBXProject section */

/* Begin PBXResourcesBuildPhase section */
		057D8F1A2DBD4F8E008215F1 /* Resources */ = {
			isa = PBXResourcesBuildPhase;
			buildActionMask = 2147483647;
			files = (
			);
			runOnlyForDeploymentPostprocessing = 0;
		};
		057D8F272DBD4F8F008215F1 /* Resources */ = {
			isa = PBXResourcesBuildPhase;
			buildActionMask = 2147483647;
			files = (
			);
			runOnlyForDeploymentPostprocessing = 0;
		};
		057D8F312DBD4F8F008215F1 /* Resources */ = {
			isa = PBXResourcesBuildPhase;
			buildActionMask = 2147483647;
			files = (
			);
			runOnlyForDeploymentPostprocessing = 0;
		};
/* End PBXResourcesBuildPhase section */

/* Begin PBXSourcesBuildPhase section */
		057D8F182DBD4F8E008215F1 /* Sources */ = {
			isa = PBXSourcesBuildPhase;
			buildActionMask = 2147483647;
			files = (
			);
			runOnlyForDeploymentPostprocessing = 0;
		};
		057D8F252DBD4F8F008215F1 /* Sources */ = {
			isa = PBXSourcesBuildPhase;
			buildActionMask = 2147483647;
			files = (
			);
			runOnlyForDeploymentPostprocessing = 0;
		};
		057D8F2F2DBD4F8F008215F1 /* Sources */ = {
			isa = PBXSourcesBuildPhase;
			buildActionMask = 2147483647;
			files = (
			);
			runOnlyForDeploymentPostprocessing = 0;
		};
/* End PBXSourcesBuildPhase section */

/* Begin PBXTargetDependency section */
		057D8F2B2DBD4F8F008215F1 /* PBXTargetDependency */ = {
			isa = PBXTargetDependency;
			target = 057D8F1B2DBD4F8E008215F1 /* Time Capsule */;
			targetProxy = 057D8F2A2DBD4F8F008215F1 /* PBXContainerItemProxy */;
		};
		057D8F352DBD4F8F008215F1 /* PBXTargetDependency */ = {
			isa = PBXTargetDependency;
			target = 057D8F1B2DBD4F8E008215F1 /* Time Capsule */;
			targetProxy = 057D8F342DBD4F8F008215F1 /* PBXContainerItemProxy */;
		};
/* End PBXTargetDependency section */

/* Begin XCBuildConfiguration section */
		057D8F3B2DBD4F8F008215F1 /* Debug */ = {
			isa = XCBuildConfiguration;
			buildSettings = {
				ALWAYS_SEARCH_USER_PATHS = NO;
				ASSETCATALOG_COMPILER_GENERATE_SWIFT_ASSET_SYMBOL_EXTENSIONS = YES;
				CLANG_ANALYZER_NONNULL = YES;
				CLANG_ANALYZER_NUMBER_OBJECT_CONVERSION = YES_AGGRESSIVE;
				CLANG_CXX_LANGUAGE_STANDARD = "gnu++20";
				CLANG_ENABLE_MODULES = YES;
				CLANG_ENABLE_OBJC_ARC = YES;
				CLANG_ENABLE_OBJC_WEAK = YES;
				CLANG_WARN_BLOCK_CAPTURE_AUTORELEASING = YES;
				CLANG_WARN_BOOL_CONVERSION = YES;
				CLANG_WARN_COMMA = YES;
				CLANG_WARN_CONSTANT_CONVERSION = YES;
				CLANG_WARN_DEPRECATED_OBJC_IMPLEMENTATIONS = YES;
				CLANG_WARN_DIRECT_OBJC_ISA_USAGE = YES_ERROR;
				CLANG_WARN_DOCUMENTATION_COMMENTS = YES;
				CLANG_WARN_EMPTY_BODY = YES;
				CLANG_WARN_ENUM_CONVERSION = YES;
				CLANG_WARN_INFINITE_RECURSION = YES;
				CLANG_WARN_INT_CONVERSION = YES;
				CLANG_WARN_NON_LITERAL_NULL_CONVERSION = YES;
				CLANG_WARN_OBJC_IMPLICIT_RETAIN_SELF = YES;
				CLANG_WARN_OBJC_LITERAL_CONVERSION = YES;
				CLANG_WARN_OBJC_ROOT_CLASS = YES_ERROR;
				CLANG_WARN_QUOTED_INCLUDE_IN_FRAMEWORK_HEADER = YES;
				CLANG_WARN_RANGE_LOOP_ANALYSIS = YES;
				CLANG_WARN_STRICT_PROTOTYPES = YES;
				CLANG_WARN_SUSPICIOUS_MOVE = YES;
				CLANG_WARN_UNGUARDED_AVAILABILITY = YES_AGGRESSIVE;
				CLANG_WARN_UNREACHABLE_CODE = YES;
				CLANG_WARN__DUPLICATE_METHOD_MATCH = YES;
				COPY_PHASE_STRIP = NO;
				DEBUG_INFORMATION_FORMAT = dwarf;
				ENABLE_STRICT_OBJC_MSGSEND = YES;
				ENABLE_TESTABILITY = YES;
				ENABLE_USER_SCRIPT_SANDBOXING = YES;
				GCC_C_LANGUAGE_STANDARD = gnu17;
				GCC_DYNAMIC_NO_PIC = NO;
				GCC_NO_COMMON_BLOCKS = YES;
				GCC_OPTIMIZATION_LEVEL = 0;
				GCC_PREPROCESSOR_DEFINITIONS = (
					"DEBUG=1",
					"$(inherited)",
				);
				GCC_WARN_64_TO_32_BIT_CONVERSION = YES;
				GCC_WARN_ABOUT_RETURN_TYPE = YES_ERROR;
				GCC_WARN_UNDECLARED_SELECTOR = YES;
				GCC_WARN_UNINITIALIZED_AUTOS = YES_AGGRESSIVE;
				GCC_WARN_UNUSED_FUNCTION = YES;
				GCC_WARN_UNUSED_VARIABLE = YES;
				IPHONEOS_DEPLOYMENT_TARGET = 18.4;
				LOCALIZATION_PREFERS_STRING_CATALOGS = YES;
				MTL_ENABLE_DEBUG_INFO = INCLUDE_SOURCE;
				MTL_FAST_MATH = YES;
				ONLY_ACTIVE_ARCH = YES;
				SDKROOT = iphoneos;
				SWIFT_ACTIVE_COMPILATION_CONDITIONS = "DEBUG $(inherited)";
				SWIFT_OPTIMIZATION_LEVEL = "-Onone";
			};
			name = Debug;
		};
		057D8F3C2DBD4F8F008215F1 /* Release */ = {
			isa = XCBuildConfiguration;
			buildSettings = {
				ALWAYS_SEARCH_USER_PATHS = NO;
				ASSETCATALOG_COMPILER_GENERATE_SWIFT_ASSET_SYMBOL_EXTENSIONS = YES;
				CLANG_ANALYZER_NONNULL = YES;
				CLANG_ANALYZER_NUMBER_OBJECT_CONVERSION = YES_AGGRESSIVE;
				CLANG_CXX_LANGUAGE_STANDARD = "gnu++20";
				CLANG_ENABLE_MODULES = YES;
				CLANG_ENABLE_OBJC_ARC = YES;
				CLANG_ENABLE_OBJC_WEAK = YES;
				CLANG_WARN_BLOCK_CAPTURE_AUTORELEASING = YES;
				CLANG_WARN_BOOL_CONVERSION = YES;
				CLANG_WARN_COMMA = YES;
				CLANG_WARN_CONSTANT_CONVERSION = YES;
				CLANG_WARN_DEPRECATED_OBJC_IMPLEMENTATIONS = YES;
				CLANG_WARN_DIRECT_OBJC_ISA_USAGE = YES_ERROR;
				CLANG_WARN_DOCUMENTATION_COMMENTS = YES;
				CLANG_WARN_EMPTY_BODY = YES;
				CLANG_WARN_ENUM_CONVERSION = YES;
				CLANG_WARN_INFINITE_RECURSION = YES;
				CLANG_WARN_INT_CONVERSION = YES;
				CLANG_WARN_NON_LITERAL_NULL_CONVERSION = YES;
				CLANG_WARN_OBJC_IMPLICIT_RETAIN_SELF = YES;
				CLANG_WARN_OBJC_LITERAL_CONVERSION = YES;
				CLANG_WARN_OBJC_ROOT_CLASS = YES_ERROR;
				CLANG_WARN_QUOTED_INCLUDE_IN_FRAMEWORK_HEADER = YES;
				CLANG_WARN_RANGE_LOOP_ANALYSIS = YES;
				CLANG_WARN_STRICT_PROTOTYPES = YES;
				CLANG_WARN_SUSPICIOUS_MOVE = YES;
				CLANG_WARN_UNGUARDED_AVAILABILITY = YES_AGGRESSIVE;
				CLANG_WARN_UNREACHABLE_CODE = YES;
				CLANG_WARN__DUPLICATE_METHOD_MATCH = YES;
				COPY_PHASE_STRIP = NO;
				DEBUG_INFORMATION_FORMAT = "dwarf-with-dsym";
				ENABLE_NS_ASSERTIONS = NO;
				ENABLE_STRICT_OBJC_MSGSEND = YES;
				ENABLE_USER_SCRIPT_SANDBOXING = YES;
				GCC_C_LANGUAGE_STANDARD = gnu17;
				GCC_NO_COMMON_BLOCKS = YES;
				GCC_WARN_64_TO_32_BIT_CONVERSION = YES;
				GCC_WARN_ABOUT_RETURN_TYPE = YES_ERROR;
				GCC_WARN_UNDECLARED_SELECTOR = YES;
				GCC_WARN_UNINITIALIZED_AUTOS = YES_AGGRESSIVE;
				GCC_WARN_UNUSED_FUNCTION = YES;
				GCC_WARN_UNUSED_VARIABLE = YES;
				IPHONEOS_DEPLOYMENT_TARGET = 18.4;
				LOCALIZATION_PREFERS_STRING_CATALOGS = YES;
				MTL_ENABLE_DEBUG_INFO = NO;
				MTL_FAST_MATH = YES;
				SDKROOT = iphoneos;
				SWIFT_COMPILATION_MODE = wholemodule;
				VALIDATE_PRODUCT = YES;
			};
			name = Release;
		};
		057D8F3E2DBD4F8F008215F1 /* Debug */ = {
			isa = XCBuildConfiguration;
			buildSettings = {
				ASSETCATALOG_COMPILER_APPICON_NAME = AppIcon;
				ASSETCATALOG_COMPILER_GLOBAL_ACCENT_COLOR_NAME = AccentColor;
				CODE_SIGN_STYLE = Automatic;
				CURRENT_PROJECT_VERSION = 1;
				ENABLE_PREVIEWS = YES;
				GENERATE_INFOPLIST_FILE = YES;
				INFOPLIST_KEY_UIApplicationSceneManifest_Generation = YES;
				INFOPLIST_KEY_UIApplicationSupportsIndirectInputEvents = YES;
				INFOPLIST_KEY_UILaunchScreen_Generation = YES;
				INFOPLIST_KEY_UISupportedInterfaceOrientations_iPad = "UIInterfaceOrientationPortrait UIInterfaceOrientationPortraitUpsideDown UIInterfaceOrientationLandscapeLeft UIInterfaceOrientationLandscapeRight";
				INFOPLIST_KEY_UISupportedInterfaceOrientations_iPhone = "UIInterfaceOrientationPortrait UIInterfaceOrientationLandscapeLeft UIInterfaceOrientationLandscapeRight";
				LD_RUNPATH_SEARCH_PATHS = (
					"$(inherited)",
					"@executable_path/Frameworks",
				);
				MARKETING_VERSION = 1.0;
				PRODUCT_BUNDLE_IDENTIFIER = "thinkabouthev.Time-Capsule";
				PRODUCT_NAME = "$(TARGET_NAME)";
				SWIFT_EMIT_LOC_STRINGS = YES;
				SWIFT_VERSION = 5.0;
				TARGETED_DEVICE_FAMILY = "1,2";
			};
			name = Debug;
		};
		057D8F3F2DBD4F8F008215F1 /* Release */ = {
			isa = XCBuildConfiguration;
			buildSettings = {
				ASSETCATALOG_COMPILER_APPICON_NAME = AppIcon;
				ASSETCATALOG_COMPILER_GLOBAL_ACCENT_COLOR_NAME = AccentColor;
				CODE_SIGN_STYLE = Automatic;
				CURRENT_PROJECT_VERSION = 1;
				ENABLE_PREVIEWS = YES;
				GENERATE_INFOPLIST_FILE = YES;
				INFOPLIST_KEY_UIApplicationSceneManifest_Generation = YES;
				INFOPLIST_KEY_UIApplicationSupportsIndirectInputEvents = YES;
				INFOPLIST_KEY_UILaunchScreen_Generation = YES;
				INFOPLIST_KEY_UISupportedInterfaceOrientations_iPad = "UIInterfaceOrientationPortrait UIInterfaceOrientationPortraitUpsideDown UIInterfaceOrientationLandscapeLeft UIInterfaceOrientationLandscapeRight";
				INFOPLIST_KEY_UISupportedInterfaceOrientations_iPhone = "UIInterfaceOrientationPortrait UIInterfaceOrientationLandscapeLeft UIInterfaceOrientationLandscapeRight";
				LD_RUNPATH_SEARCH_PATHS = (
					"$(inherited)",
					"@executable_path/Frameworks",
				);
				MARKETING_VERSION = 1.0;
				PRODUCT_BUNDLE_IDENTIFIER = "thinkabouthev.Time-Capsule";
				PRODUCT_NAME = "$(TARGET_NAME)";
				SWIFT_EMIT_LOC_STRINGS = YES;
				SWIFT_VERSION = 5.0;
				TARGETED_DEVICE_FAMILY = "1,2";
			};
			name = Release;
		};
		057D8F412DBD4F8F008215F1 /* Debug */ = {
			isa = XCBuildConfiguration;
			buildSettings = {
				BUNDLE_LOADER = "$(TEST_HOST)";
				CODE_SIGN_STYLE = Automatic;
				CURRENT_PROJECT_VERSION = 1;
				GENERATE_INFOPLIST_FILE = YES;
				IPHONEOS_DEPLOYMENT_TARGET = 18.4;
				MARKETING_VERSION = 1.0;
				PRODUCT_BUNDLE_IDENTIFIER = "thinkabouthev.Time-CapsuleTests";
				PRODUCT_NAME = "$(TARGET_NAME)";
				SWIFT_EMIT_LOC_STRINGS = NO;
				SWIFT_VERSION = 5.0;
				TARGETED_DEVICE_FAMILY = "1,2";
				TEST_HOST = "$(BUILT_PRODUCTS_DIR)/Time Capsule.app/$(BUNDLE_EXECUTABLE_FOLDER_PATH)/Time Capsule";
			};
			name = Debug;
		};
		057D8F422DBD4F8F008215F1 /* Release */ = {
			isa = XCBuildConfiguration;
			buildSettings = {
				BUNDLE_LOADER = "$(TEST_HOST)";
				CODE_SIGN_STYLE = Automatic;
				CURRENT_PROJECT_VERSION = 1;
				GENERATE_INFOPLIST_FILE = YES;
				IPHONEOS_DEPLOYMENT_TARGET = 18.4;
				MARKETING_VERSION = 1.0;
				PRODUCT_BUNDLE_IDENTIFIER = "thinkabouthev.Time-CapsuleTests";
				PRODUCT_NAME = "$(TARGET_NAME)";
				SWIFT_EMIT_LOC_STRINGS = NO;
				SWIFT_VERSION = 5.0;
				TARGETED_DEVICE_FAMILY = "1,2";
				TEST_HOST = "$(BUILT_PRODUCTS_DIR)/Time Capsule.app/$(BUNDLE_EXECUTABLE_FOLDER_PATH)/Time Capsule";
			};
			name = Release;
		};
		057D8F442DBD4F8F008215F1 /* Debug */ = {
			isa = XCBuildConfiguration;
			buildSettings = {
				CODE_SIGN_STYLE = Automatic;
				CURRENT_PROJECT_VERSION = 1;
				GENERATE_INFOPLIST_FILE = YES;
				MARKETING_VERSION = 1.0;
				PRODUCT_BUNDLE_IDENTIFIER = "thinkabouthev.Time-CapsuleUITests";
				PRODUCT_NAME = "$(TARGET_NAME)";
				SWIFT_EMIT_LOC_STRINGS = NO;
				SWIFT_VERSION = 5.0;
				TARGETED_DEVICE_FAMILY = "1,2";
				TEST_TARGET_NAME = "Time Capsule";
			};
			name = Debug;
		};
		057D8F452DBD4F8F008215F1 /* Release */ = {
			isa = XCBuildConfiguration;
			buildSettings = {
				CODE_SIGN_STYLE = Automatic;
				CURRENT_PROJECT_VERSION = 1;
				GENERATE_INFOPLIST_FILE = YES;
				MARKETING_VERSION = 1.0;
				PRODUCT_BUNDLE_IDENTIFIER = "thinkabouthev.Time-CapsuleUITests";
				PRODUCT_NAME = "$(TARGET_NAME)";
				SWIFT_EMIT_LOC_STRINGS = NO;
				SWIFT_VERSION = 5.0;
				TARGETED_DEVICE_FAMILY = "1,2";
				TEST_TARGET_NAME = "Time Capsule";
			};
			name = Release;
		};
/* End XCBuildConfiguration section */

/* Begin XCConfigurationList section */
		057D8F172DBD4F8E008215F1 /* Build configuration list for PBXProject "Time Capsule" */ = {
			isa = XCConfigurationList;
			buildConfigurations = (
				057D8F3B2DBD4F8F008215F1 /* Debug */,
				057D8F3C2DBD4F8F008215F1 /* Release */,
			);
			defaultConfigurationIsVisible = 0;
			defaultConfigurationName = Release;
		};
		057D8F3D2DBD4F8F008215F1 /* Build configuration list for PBXNativeTarget "Time Capsule" */ = {
			isa = XCConfigurationList;
			buildConfigurations = (
				057D8F3E2DBD4F8F008215F1 /* Debug */,
				057D8F3F2DBD4F8F008215F1 /* Release */,
			);
			defaultConfigurationIsVisible = 0;
			defaultConfigurationName = Release;
		};
		057D8F402DBD4F8F008215F1 /* Build configuration list for PBXNativeTarget "Time CapsuleTests" */ = {
			isa = XCConfigurationList;
			buildConfigurations = (
				057D8F412DBD4F8F008215F1 /* Debug */,
				057D8F422DBD4F8F008215F1 /* Release */,
			);
			defaultConfigurationIsVisible = 0;
			defaultConfigurationName = Release;
		};
		057D8F432DBD4F8F008215F1 /* Build configuration list for PBXNativeTarget "Time CapsuleUITests" */ = {
			isa = XCConfigurationList;
			buildConfigurations = (
				057D8F442DBD4F8F008215F1 /* Debug */,
				057D8F452DBD4F8F008215F1 /* Release */,
			);
			defaultConfigurationIsVisible = 0;
			defaultConfigurationName = Release;
		};
/* End XCConfigurationList section */
	};
	rootObject = 057D8F142DBD4F8E008215F1 /* Project object */;
}
